
Microsoft Visual Studio Solution File, Format Version 12.00
# Visual Studio Version 16
VisualStudioVersion = 16.0.31829.152
MinimumVisualStudioVersion = 10.0.40219.1
Project("{FAE04EC0-301F-11D3-BF4B-00C04F79EFBC}") = "WpfLesson6_6", "WpfLesson6_6\WpfLesson6_6.csproj", "{21EFB4B1-85F4-41F6-BA69-DC73C938942E}"
EndProject
Global
	GlobalSection(SolutionConfigurationPlatforms) = preSolution
		Debug|Any CPU = Debug|Any CPU
		Release|Any CPU = Release|Any CPU
	EndGlobalSection
	GlobalSection(ProjectConfigurationPlatforms) = postSolution
		{21EFB4B1-85F4-41F6-BA69-DC73C938942E}.Debug|Any CPU.ActiveCfg = Debug|Any CPU
		{21EFB4B1-85F4-41F6-BA69-DC73C938942E}.Debug|Any CPU.Build.0 = Debug|Any CPU
		{21EFB4B1-85F4-41F6-BA69-DC73C938942E}.Release|Any CPU.ActiveCfg = Release|Any CPU
		{21EFB4B1-85F4-41F6-BA69-DC73C938942E}.Release|Any CPU.Build.0 = Release|Any CPU
	EndGlobalSection
	GlobalSection(SolutionProperties) = preSolution
		HideSolutionNode = FALSE
	EndGlobalSection
	GlobalSection(ExtensibilityGlobals) = postSolution
		SolutionGuid = {F9779609-3BD6-4D77-AE90-6362D0F821B4}
	EndGlobalSection
EndGlobal
